
Microsoft Visual Studio Solution File, Format Version 12.00
# Visual Studio 15
VisualStudioVersion = 15.0.28307.572
MinimumVisualStudioVersion = 10.0.40219.1
Project("{FAE04EC0-301F-11D3-BF4B-00C04F79EFBC}") = "VueFromYoutube", "VueFromYoutube\VueFromYoutube.csproj", "{94BE483D-419F-4CFF-9CE3-58C39FD9413F}"
EndProject
Global
	GlobalSection(SolutionConfigurationPlatforms) = preSolution
		Debug|Any CPU = Debug|Any CPU
		Release|Any CPU = Release|Any CPU
	EndGlobalSection
	GlobalSection(ProjectConfigurationPlatforms) = postSolution
		{94BE483D-419F-4CFF-9CE3-58C39FD9413F}.Debug|Any CPU.ActiveCfg = Debug|Any CPU
		{94BE483D-419F-4CFF-9CE3-58C39FD9413F}.Debug|Any CPU.Build.0 = Debug|Any CPU
		{94BE483D-419F-4CFF-9CE3-58C39FD9413F}.Release|Any CPU.ActiveCfg = Release|Any CPU
		{94BE483D-419F-4CFF-9CE3-58C39FD9413F}.Release|Any CPU.Build.0 = Release|Any CPU
	EndGlobalSection
	GlobalSection(SolutionProperties) = preSolution
		HideSolutionNode = FALSE
	EndGlobalSection
	GlobalSection(ExtensibilityGlobals) = postSolution
		SolutionGuid = {989A903A-7BE4-47AC-B0DC-0CD2AB219C8A}
	EndGlobalSection
EndGlobal
